uuid: 7150e9d7-85c8-420e-be7b-c1a49b8559d7
langcode: en
status: true
dependencies:
  module:
    - site_settings
  theme:
    - bcht
id: articles_listing_view_no_results_block
theme: bcht
region: disable
weight: 0
provider: null
plugin: single_rendered_site_settings_block
settings:
  id: single_rendered_site_settings_block
  label: 'Articles listing view no results block'
  label_display: '0'
  provider: site_settings
  setting: article_listing_no_results_setti
visibility: {  }
